
Microsoft Visual Studio Solution File, Format Version 12.00
# Visual Studio Version 17
VisualStudioVersion = 17.14.37012.4
MinimumVisualStudioVersion = 10.0.40219.1
Project("{2150E333-8FDC-42A3-9474-1A3956D46DE8}") = "src", "src", "{827E0CD3-B72D-47B6-A68D-7590B98EB39B}"
EndProject
Project("{FAE04EC0-301F-11D3-BF4B-00C04F79EFBC}") = "LocalPhotoAI.Shared", "src\LocalPhotoAI.Shared\LocalPhotoAI.Shared.csproj", "{F9C5DF43-87B7-4DFD-89AF-C4348483138B}"
EndProject
Project("{FAE04EC0-301F-11D3-BF4B-00C04F79EFBC}") = "Gateway", "src\Gateway\Gateway.csproj", "{80033A62-928B-4339-B88D-5572CBAE1F3B}"
EndProject
Project("{FAE04EC0-301F-11D3-BF4B-00C04F79EFBC}") = "UploadService", "src\UploadService\UploadService.csproj", "{2CC2C975-1CF4-45C0-9BED-E0A9D1EFAFC4}"
EndProject
Project("{FAE04EC0-301F-11D3-BF4B-00C04F79EFBC}") = "JobService", "src\JobService\JobService.csproj", "{ED18508D-0C10-4699-9B2A-594BF385D4A7}"
EndProject
Project("{FAE04EC0-301F-11D3-BF4B-00C04F79EFBC}") = "WorkerService", "src\WorkerService\WorkerService.csproj", "{3122FD4C-75B6-4103-96A1-18BF68236755}"
EndProject
Project("{FAE04EC0-301F-11D3-BF4B-00C04F79EFBC}") = "GalleryService", "src\GalleryService\GalleryService.csproj", "{CFD5DF35-F3B8-46EB-8126-39D236A6745E}"
EndProject
Project("{FAE04EC0-301F-11D3-BF4B-00C04F79EFBC}") = "LocalPhotoAI.Tests", "tests\LocalPhotoAI.Tests\LocalPhotoAI.Tests.csproj", "{A79CB7CB-484E-4137-84DC-C1271E7340A6}"
EndProject
Project("{FAE04EC0-301F-11D3-BF4B-00C04F79EFBC}") = "LocalPhotoAI.Host", "src\LocalPhotoAI.Host\LocalPhotoAI.Host.csproj", "{4A7BB7A1-AB7D-41C8-8528-AAE5A4684756}"
EndProject
Global
	GlobalSection(SolutionConfigurationPlatforms) = preSolution
		Debug|Any CPU = Debug|Any CPU
		Debug|x64 = Debug|x64
		Debug|x86 = Debug|x86
		Release|Any CPU = Release|Any CPU
		Release|x64 = Release|x64
		Release|x86 = Release|x86
	EndGlobalSection
	GlobalSection(ProjectConfigurationPlatforms) = postSolution
		{F9C5DF43-87B7-4DFD-89AF-C4348483138B}.Debug|Any CPU.ActiveCfg = Debug|Any CPU
		{F9C5DF43-87B7-4DFD-89AF-C4348483138B}.Debug|Any CPU.Build.0 = Debug|Any CPU
		{F9C5DF43-87B7-4DFD-89AF-C4348483138B}.Debug|x64.ActiveCfg = Debug|Any CPU
		{F9C5DF43-87B7-4DFD-89AF-C4348483138B}.Debug|x64.Build.0 = Debug|Any CPU
		{F9C5DF43-87B7-4DFD-89AF-C4348483138B}.Debug|x86.ActiveCfg = Debug|Any CPU
		{F9C5DF43-87B7-4DFD-89AF-C4348483138B}.Debug|x86.Build.0 = Debug|Any CPU
		{F9C5DF43-87B7-4DFD-89AF-C4348483138B}.Release|Any CPU.ActiveCfg = Release|Any CPU
		{F9C5DF43-87B7-4DFD-89AF-C4348483138B}.Release|Any CPU.Build.0 = Release|Any CPU
		{F9C5DF43-87B7-4DFD-89AF-C4348483138B}.Release|x64.ActiveCfg = Release|Any CPU
		{F9C5DF43-87B7-4DFD-89AF-C4348483138B}.Release|x64.Build.0 = Release|Any CPU
		{F9C5DF43-87B7-4DFD-89AF-C4348483138B}.Release|x86.ActiveCfg = Release|Any CPU
		{F9C5DF43-87B7-4DFD-89AF-C4348483138B}.Release|x86.Build.0 = Release|Any CPU
		{80033A62-928B-4339-B88D-5572CBAE1F3B}.Debug|Any CPU.ActiveCfg = Debug|Any CPU
		{80033A62-928B-4339-B88D-5572CBAE1F3B}.Debug|Any CPU.Build.0 = Debug|Any CPU
		{80033A62-928B-4339-B88D-5572CBAE1F3B}.Debug|x64.ActiveCfg = Debug|Any CPU
		{80033A62-928B-4339-B88D-5572CBAE1F3B}.Debug|x64.Build.0 = Debug|Any CPU
		{80033A62-928B-4339-B88D-5572CBAE1F3B}.Debug|x86.ActiveCfg = Debug|Any CPU
		{80033A62-928B-4339-B88D-5572CBAE1F3B}.Debug|x86.Build.0 = Debug|Any CPU
		{80033A62-928B-4339-B88D-5572CBAE1F3B}.Release|Any CPU.ActiveCfg = Release|Any CPU
		{80033A62-928B-4339-B88D-5572CBAE1F3B}.Release|Any CPU.Build.0 = Release|Any CPU
		{80033A62-928B-4339-B88D-5572CBAE1F3B}.Release|x64.ActiveCfg = Release|Any CPU
		{80033A62-928B-4339-B88D-5572CBAE1F3B}.Release|x64.Build.0 = Release|Any CPU
		{80033A62-928B-4339-B88D-5572CBAE1F3B}.Release|x86.ActiveCfg = Release|Any CPU
		{80033A62-928B-4339-B88D-5572CBAE1F3B}.Release|x86.Build.0 = Release|Any CPU
		{2CC2C975-1CF4-45C0-9BED-E0A9D1EFAFC4}.Debug|Any CPU.ActiveCfg = Debug|Any CPU
		{2CC2C975-1CF4-45C0-9BED-E0A9D1EFAFC4}.Debug|Any CPU.Build.0 = Debug|Any CPU
		{2CC2C975-1CF4-45C0-9BED-E0A9D1EFAFC4}.Debug|x64.ActiveCfg = Debug|Any CPU
		{2CC2C975-1CF4-45C0-9BED-E0A9D1EFAFC4}.Debug|x64.Build.0 = Debug|Any CPU
		{2CC2C975-1CF4-45C0-9BED-E0A9D1EFAFC4}.Debug|x86.ActiveCfg = Debug|Any CPU
		{2CC2C975-1CF4-45C0-9BED-E0A9D1EFAFC4}.Debug|x86.Build.0 = Debug|Any CPU
		{2CC2C975-1CF4-45C0-9BED-E0A9D1EFAFC4}.Release|Any CPU.ActiveCfg = Release|Any CPU
		{2CC2C975-1CF4-45C0-9BED-E0A9D1EFAFC4}.Release|Any CPU.Build.0 = Release|Any CPU
		{2CC2C975-1CF4-45C0-9BED-E0A9D1EFAFC4}.Release|x64.ActiveCfg = Release|Any CPU
		{2CC2C975-1CF4-45C0-9BED-E0A9D1EFAFC4}.Release|x64.Build.0 = Release|Any CPU
		{2CC2C975-1CF4-45C0-9BED-E0A9D1EFAFC4}.Release|x86.ActiveCfg = Release|Any CPU
		{2CC2C975-1CF4-45C0-9BED-E0A9D1EFAFC4}.Release|x86.Build.0 = Release|Any CPU
		{ED18508D-0C10-4699-9B2A-594BF385D4A7}.Debug|Any CPU.ActiveCfg = Debug|Any CPU
		{ED18508D-0C10-4699-9B2A-594BF385D4A7}.Debug|Any CPU.Build.0 = Debug|Any CPU
		{ED18508D-0C10-4699-9B2A-594BF385D4A7}.Debug|x64.ActiveCfg = Debug|Any CPU
		{ED18508D-0C10-4699-9B2A-594BF385D4A7}.Debug|x64.Build.0 = Debug|Any CPU
		{ED18508D-0C10-4699-9B2A-594BF385D4A7}.Debug|x86.ActiveCfg = Debug|Any CPU
		{ED18508D-0C10-4699-9B2A-594BF385D4A7}.Debug|x86.Build.0 = Debug|Any CPU
		{ED18508D-0C10-4699-9B2A-594BF385D4A7}.Release|Any CPU.ActiveCfg = Release|Any CPU
		{ED18508D-0C10-4699-9B2A-594BF385D4A7}.Release|Any CPU.Build.0 = Release|Any CPU
		{ED18508D-0C10-4699-9B2A-594BF385D4A7}.Release|x64.ActiveCfg = Release|Any CPU
		{ED18508D-0C10-4699-9B2A-594BF385D4A7}.Release|x64.Build.0 = Release|Any CPU
		{ED18508D-0C10-4699-9B2A-594BF385D4A7}.Release|x86.ActiveCfg = Release|Any CPU
		{ED18508D-0C10-4699-9B2A-594BF385D4A7}.Release|x86.Build.0 = Release|Any CPU
		{3122FD4C-75B6-4103-96A1-18BF68236755}.Debug|Any CPU.ActiveCfg = Debug|Any CPU
		{3122FD4C-75B6-4103-96A1-18BF68236755}.Debug|Any CPU.Build.0 = Debug|Any CPU
		{3122FD4C-75B6-4103-96A1-18BF68236755}.Debug|x64.ActiveCfg = Debug|Any CPU
		{3122FD4C-75B6-4103-96A1-18BF68236755}.Debug|x64.Build.0 = Debug|Any CPU
		{3122FD4C-75B6-4103-96A1-18BF68236755}.Debug|x86.ActiveCfg = Debug|Any CPU
		{3122FD4C-75B6-4103-96A1-18BF68236755}.Debug|x86.Build.0 = Debug|Any CPU
		{3122FD4C-75B6-4103-96A1-18BF68236755}.Release|Any CPU.ActiveCfg = Release|Any CPU
		{3122FD4C-75B6-4103-96A1-18BF68236755}.Release|Any CPU.Build.0 = Release|Any CPU
		{3122FD4C-75B6-4103-96A1-18BF68236755}.Release|x64.ActiveCfg = Release|Any CPU
		{3122FD4C-75B6-4103-96A1-18BF68236755}.Release|x64.Build.0 = Release|Any CPU
		{3122FD4C-75B6-4103-96A1-18BF68236755}.Release|x86.ActiveCfg = Release|Any CPU
		{3122FD4C-75B6-4103-96A1-18BF68236755}.Release|x86.Build.0 = Release|Any CPU
		{CFD5DF35-F3B8-46EB-8126-39D236A6745E}.Debug|Any CPU.ActiveCfg = Debug|Any CPU
		{CFD5DF35-F3B8-46EB-8126-39D236A6745E}.Debug|Any CPU.Build.0 = Debug|Any CPU
		{CFD5DF35-F3B8-46EB-8126-39D236A6745E}.Debug|x64.ActiveCfg = Debug|Any CPU
		{CFD5DF35-F3B8-46EB-8126-39D236A6745E}.Debug|x64.Build.0 = Debug|Any CPU
		{CFD5DF35-F3B8-46EB-8126-39D236A6745E}.Debug|x86.ActiveCfg = Debug|Any CPU
		{CFD5DF35-F3B8-46EB-8126-39D236A6745E}.Debug|x86.Build.0 = Debug|Any CPU
		{CFD5DF35-F3B8-46EB-8126-39D236A6745E}.Release|Any CPU.ActiveCfg = Release|Any CPU
		{CFD5DF35-F3B8-46EB-8126-39D236A6745E}.Release|Any CPU.Build.0 = Release|Any CPU
		{CFD5DF35-F3B8-46EB-8126-39D236A6745E}.Release|x64.ActiveCfg = Release|Any CPU
		{CFD5DF35-F3B8-46EB-8126-39D236A6745E}.Release|x64.Build.0 = Release|Any CPU
		{CFD5DF35-F3B8-46EB-8126-39D236A6745E}.Release|x86.ActiveCfg = Release|Any CPU
		{CFD5DF35-F3B8-46EB-8126-39D236A6745E}.Release|x86.Build.0 = Release|Any CPU
		{A79CB7CB-484E-4137-84DC-C1271E7340A6}.Debug|Any CPU.ActiveCfg = Debug|Any CPU
		{A79CB7CB-484E-4137-84DC-C1271E7340A6}.Debug|Any CPU.Build.0 = Debug|Any CPU
		{A79CB7CB-484E-4137-84DC-C1271E7340A6}.Debug|x64.ActiveCfg = Debug|Any CPU
		{A79CB7CB-484E-4137-84DC-C1271E7340A6}.Debug|x64.Build.0 = Debug|Any CPU
		{A79CB7CB-484E-4137-84DC-C1271E7340A6}.Debug|x86.ActiveCfg = Debug|Any CPU
		{A79CB7CB-484E-4137-84DC-C1271E7340A6}.Debug|x86.Build.0 = Debug|Any CPU
		{A79CB7CB-484E-4137-84DC-C1271E7340A6}.Release|Any CPU.ActiveCfg = Release|Any CPU
		{A79CB7CB-484E-4137-84DC-C1271E7340A6}.Release|Any CPU.Build.0 = Release|Any CPU
		{A79CB7CB-484E-4137-84DC-C1271E7340A6}.Release|x64.ActiveCfg = Release|Any CPU
		{A79CB7CB-484E-4137-84DC-C1271E7340A6}.Release|x64.Build.0 = Release|Any CPU
		{A79CB7CB-484E-4137-84DC-C1271E7340A6}.Release|x86.ActiveCfg = Release|Any CPU
		{A79CB7CB-484E-4137-84DC-C1271E7340A6}.Release|x86.Build.0 = Release|Any CPU
		{4A7BB7A1-AB7D-41C8-8528-AAE5A4684756}.Debug|Any CPU.ActiveCfg = Debug|Any CPU
		{4A7BB7A1-AB7D-41C8-8528-AAE5A4684756}.Debug|Any CPU.Build.0 = Debug|Any CPU
		{4A7BB7A1-AB7D-41C8-8528-AAE5A4684756}.Debug|x64.ActiveCfg = Debug|Any CPU
		{4A7BB7A1-AB7D-41C8-8528-AAE5A4684756}.Debug|x64.Build.0 = Debug|Any CPU
		{4A7BB7A1-AB7D-41C8-8528-AAE5A4684756}.Debug|x86.ActiveCfg = Debug|Any CPU
		{4A7BB7A1-AB7D-41C8-8528-AAE5A4684756}.Debug|x86.Build.0 = Debug|Any CPU
		{4A7BB7A1-AB7D-41C8-8528-AAE5A4684756}.Release|Any CPU.ActiveCfg = Release|Any CPU
		{4A7BB7A1-AB7D-41C8-8528-AAE5A4684756}.Release|Any CPU.Build.0 = Release|Any CPU
		{4A7BB7A1-AB7D-41C8-8528-AAE5A4684756}.Release|x64.ActiveCfg = Release|Any CPU
		{4A7BB7A1-AB7D-41C8-8528-AAE5A4684756}.Release|x64.Build.0 = Release|Any CPU
		{4A7BB7A1-AB7D-41C8-8528-AAE5A4684756}.Release|x86.ActiveCfg = Release|Any CPU
		{4A7BB7A1-AB7D-41C8-8528-AAE5A4684756}.Release|x86.Build.0 = Release|Any CPU
	EndGlobalSection
	GlobalSection(SolutionProperties) = preSolution
		HideSolutionNode = FALSE
	EndGlobalSection
	GlobalSection(NestedProjects) = preSolution
		{F9C5DF43-87B7-4DFD-89AF-C4348483138B} = {827E0CD3-B72D-47B6-A68D-7590B98EB39B}
		{80033A62-928B-4339-B88D-5572CBAE1F3B} = {827E0CD3-B72D-47B6-A68D-7590B98EB39B}
		{2CC2C975-1CF4-45C0-9BED-E0A9D1EFAFC4} = {827E0CD3-B72D-47B6-A68D-7590B98EB39B}
		{ED18508D-0C10-4699-9B2A-594BF385D4A7} = {827E0CD3-B72D-47B6-A68D-7590B98EB39B}
		{3122FD4C-75B6-4103-96A1-18BF68236755} = {827E0CD3-B72D-47B6-A68D-7590B98EB39B}
		{CFD5DF35-F3B8-46EB-8126-39D236A6745E} = {827E0CD3-B72D-47B6-A68D-7590B98EB39B}
		{A79CB7CB-484E-4137-84DC-C1271E7340A6} = {827E0CD3-B72D-47B6-A68D-7590B98EB39B}
		{4A7BB7A1-AB7D-41C8-8528-AAE5A4684756} = {827E0CD3-B72D-47B6-A68D-7590B98EB39B}
	EndGlobalSection
	GlobalSection(ExtensibilityGlobals) = postSolution
		SolutionGuid = {C36D2E77-2A75-4E18-97E9-8DC99C980414}
	EndGlobalSection
EndGlobal
